
Microsoft Visual Studio Solution File, Format Version 12.00
# Visual Studio Version 17
VisualStudioVersion = 17.6.33815.320
MinimumVisualStudioVersion = 10.0.40219.1
Project("{FAE04EC0-301F-11D3-BF4B-00C04F79EFBC}") = "BlazorFluxor", "BlazorFluxor\BlazorFluxor.csproj", "{EA1944F8-1DC5-42AD-B6C4-D06A71A85988}"
EndProject
Global
	GlobalSection(SolutionConfigurationPlatforms) = preSolution
		Debug|Any CPU = Debug|Any CPU
		Release|Any CPU = Release|Any CPU
	EndGlobalSection
	GlobalSection(ProjectConfigurationPlatforms) = postSolution
		{EA1944F8-1DC5-42AD-B6C4-D06A71A85988}.Debug|Any CPU.ActiveCfg = Debug|Any CPU
		{EA1944F8-1DC5-42AD-B6C4-D06A71A85988}.Debug|Any CPU.Build.0 = Debug|Any CPU
		{EA1944F8-1DC5-42AD-B6C4-D06A71A85988}.Release|Any CPU.ActiveCfg = Release|Any CPU
		{EA1944F8-1DC5-42AD-B6C4-D06A71A85988}.Release|Any CPU.Build.0 = Release|Any CPU
	EndGlobalSection
	GlobalSection(SolutionProperties) = preSolution
		HideSolutionNode = FALSE
	EndGlobalSection
	GlobalSection(ExtensibilityGlobals) = postSolution
		SolutionGuid = {AFA43E8B-9201-4583-92AE-F1C05358BBB8}
	EndGlobalSection
EndGlobal
